
Microsoft Visual Studio Solution File, Format Version 12.00
# Visual Studio Version 17
VisualStudioVersion = 17.10.35027.167
MinimumVisualStudioVersion = 10.0.40219.1
Project("{FAE04EC0-301F-11D3-BF4B-00C04F79EFBC}") = "BookAuthor", "BookAuthor\BookAuthor.csproj", "{9A70514B-A5E8-46AF-8258-620E1528420F}"
EndProject
Project("{FAE04EC0-301F-11D3-BF4B-00C04F79EFBC}") = "BookAuthor.Models", "BookAuthor.models\BookAuthor.Models.csproj", "{F58FCE49-D114-448A-967B-0AC53C69E714}"
EndProject
Project("{FAE04EC0-301F-11D3-BF4B-00C04F79EFBC}") = "BookAuthor.Data", "BookAuthor.data\BookAuthor.Data.csproj", "{A4116CE9-6882-4A69-9E56-A7AEE273AB0D}"
EndProject
Project("{FAE04EC0-301F-11D3-BF4B-00C04F79EFBC}") = "BookAuthor.Service", "BookAuthor.service\BookAuthor.Service.csproj", "{AB62265F-275A-4D0D-A151-1F537AB94E94}"
EndProject
Global
	GlobalSection(SolutionConfigurationPlatforms) = preSolution
		Debug|Any CPU = Debug|Any CPU
		Release|Any CPU = Release|Any CPU
	EndGlobalSection
	GlobalSection(ProjectConfigurationPlatforms) = postSolution
		{9A70514B-A5E8-46AF-8258-620E1528420F}.Debug|Any CPU.ActiveCfg = Debug|Any CPU
		{9A70514B-A5E8-46AF-8258-620E1528420F}.Debug|Any CPU.Build.0 = Debug|Any CPU
		{9A70514B-A5E8-46AF-8258-620E1528420F}.Release|Any CPU.ActiveCfg = Release|Any CPU
		{9A70514B-A5E8-46AF-8258-620E1528420F}.Release|Any CPU.Build.0 = Release|Any CPU
		{F58FCE49-D114-448A-967B-0AC53C69E714}.Debug|Any CPU.ActiveCfg = Debug|Any CPU
		{F58FCE49-D114-448A-967B-0AC53C69E714}.Debug|Any CPU.Build.0 = Debug|Any CPU
		{F58FCE49-D114-448A-967B-0AC53C69E714}.Release|Any CPU.ActiveCfg = Release|Any CPU
		{F58FCE49-D114-448A-967B-0AC53C69E714}.Release|Any CPU.Build.0 = Release|Any CPU
		{A4116CE9-6882-4A69-9E56-A7AEE273AB0D}.Debug|Any CPU.ActiveCfg = Debug|Any CPU
		{A4116CE9-6882-4A69-9E56-A7AEE273AB0D}.Debug|Any CPU.Build.0 = Debug|Any CPU
		{A4116CE9-6882-4A69-9E56-A7AEE273AB0D}.Release|Any CPU.ActiveCfg = Release|Any CPU
		{A4116CE9-6882-4A69-9E56-A7AEE273AB0D}.Release|Any CPU.Build.0 = Release|Any CPU
		{AB62265F-275A-4D0D-A151-1F537AB94E94}.Debug|Any CPU.ActiveCfg = Debug|Any CPU
		{AB62265F-275A-4D0D-A151-1F537AB94E94}.Debug|Any CPU.Build.0 = Debug|Any CPU
		{AB62265F-275A-4D0D-A151-1F537AB94E94}.Release|Any CPU.ActiveCfg = Release|Any CPU
		{AB62265F-275A-4D0D-A151-1F537AB94E94}.Release|Any CPU.Build.0 = Release|Any CPU
	EndGlobalSection
	GlobalSection(SolutionProperties) = preSolution
		HideSolutionNode = FALSE
	EndGlobalSection
	GlobalSection(ExtensibilityGlobals) = postSolution
		SolutionGuid = {6C1EFC95-5D79-433A-BAFA-DF0D80760043}
	EndGlobalSection
EndGlobal
